
Microsoft Visual Studio Solution File, Format Version 12.00
# Visual Studio Version 17
VisualStudioVersion = 17.9.34728.123
MinimumVisualStudioVersion = 10.0.40219.1
Project("{FAE04EC0-301F-11D3-BF4B-00C04F79EFBC}") = "MasterEnXamarin.Android", "MasterEnXamarin\MasterEnXamarin.Android\MasterEnXamarin.Android.csproj", "{11573BDA-C1A2-4442-856B-FA5FDF351405}"
EndProject
Project("{FAE04EC0-301F-11D3-BF4B-00C04F79EFBC}") = "MasterEnXamarin.iOS", "MasterEnXamarin\MasterEnXamarin.iOS\MasterEnXamarin.iOS.csproj", "{4910AFD9-C875-4B8C-A6BC-9EC740A0C21D}"
EndProject
Project("{FAE04EC0-301F-11D3-BF4B-00C04F79EFBC}") = "MasterEnXamarin", "MasterEnXamarin\MasterEnXamarin\MasterEnXamarin.csproj", "{12A086CA-DDED-4AF7-A12A-38C90F89E8E6}"
EndProject
Global
	GlobalSection(SolutionConfigurationPlatforms) = preSolution
		Debug|Any CPU = Debug|Any CPU
		Debug|iPhone = Debug|iPhone
		Debug|iPhoneSimulator = Debug|iPhoneSimulator
		Release|Any CPU = Release|Any CPU
		Release|iPhone = Release|iPhone
		Release|iPhoneSimulator = Release|iPhoneSimulator
	EndGlobalSection
	GlobalSection(ProjectConfigurationPlatforms) = postSolution
		{11573BDA-C1A2-4442-856B-FA5FDF351405}.Debug|Any CPU.ActiveCfg = Debug|Any CPU
		{11573BDA-C1A2-4442-856B-FA5FDF351405}.Debug|Any CPU.Build.0 = Debug|Any CPU
		{11573BDA-C1A2-4442-856B-FA5FDF351405}.Debug|Any CPU.Deploy.0 = Debug|Any CPU
		{11573BDA-C1A2-4442-856B-FA5FDF351405}.Debug|iPhone.ActiveCfg = Debug|Any CPU
		{11573BDA-C1A2-4442-856B-FA5FDF351405}.Debug|iPhone.Build.0 = Debug|Any CPU
		{11573BDA-C1A2-4442-856B-FA5FDF351405}.Debug|iPhone.Deploy.0 = Debug|Any CPU
		{11573BDA-C1A2-4442-856B-FA5FDF351405}.Debug|iPhoneSimulator.ActiveCfg = Debug|Any CPU
		{11573BDA-C1A2-4442-856B-FA5FDF351405}.Debug|iPhoneSimulator.Build.0 = Debug|Any CPU
		{11573BDA-C1A2-4442-856B-FA5FDF351405}.Debug|iPhoneSimulator.Deploy.0 = Debug|Any CPU
		{11573BDA-C1A2-4442-856B-FA5FDF351405}.Release|Any CPU.ActiveCfg = Release|Any CPU
		{11573BDA-C1A2-4442-856B-FA5FDF351405}.Release|Any CPU.Build.0 = Release|Any CPU
		{11573BDA-C1A2-4442-856B-FA5FDF351405}.Release|Any CPU.Deploy.0 = Release|Any CPU
		{11573BDA-C1A2-4442-856B-FA5FDF351405}.Release|iPhone.ActiveCfg = Release|Any CPU
		{11573BDA-C1A2-4442-856B-FA5FDF351405}.Release|iPhone.Build.0 = Release|Any CPU
		{11573BDA-C1A2-4442-856B-FA5FDF351405}.Release|iPhone.Deploy.0 = Release|Any CPU
		{11573BDA-C1A2-4442-856B-FA5FDF351405}.Release|iPhoneSimulator.ActiveCfg = Release|Any CPU
		{11573BDA-C1A2-4442-856B-FA5FDF351405}.Release|iPhoneSimulator.Build.0 = Release|Any CPU
		{11573BDA-C1A2-4442-856B-FA5FDF351405}.Release|iPhoneSimulator.Deploy.0 = Release|Any CPU
		{4910AFD9-C875-4B8C-A6BC-9EC740A0C21D}.Debug|Any CPU.ActiveCfg = Debug|iPhone
		{4910AFD9-C875-4B8C-A6BC-9EC740A0C21D}.Debug|Any CPU.Build.0 = Debug|iPhone
		{4910AFD9-C875-4B8C-A6BC-9EC740A0C21D}.Debug|Any CPU.Deploy.0 = Debug|iPhone
		{4910AFD9-C875-4B8C-A6BC-9EC740A0C21D}.Debug|iPhone.ActiveCfg = Debug|iPhone
		{4910AFD9-C875-4B8C-A6BC-9EC740A0C21D}.Debug|iPhone.Build.0 = Debug|iPhone
		{4910AFD9-C875-4B8C-A6BC-9EC740A0C21D}.Debug|iPhone.Deploy.0 = Debug|iPhone
		{4910AFD9-C875-4B8C-A6BC-9EC740A0C21D}.Debug|iPhoneSimulator.ActiveCfg = Debug|iPhoneSimulator
		{4910AFD9-C875-4B8C-A6BC-9EC740A0C21D}.Debug|iPhoneSimulator.Build.0 = Debug|iPhoneSimulator
		{4910AFD9-C875-4B8C-A6BC-9EC740A0C21D}.Debug|iPhoneSimulator.Deploy.0 = Debug|iPhoneSimulator
		{4910AFD9-C875-4B8C-A6BC-9EC740A0C21D}.Release|Any CPU.ActiveCfg = Release|iPhoneSimulator
		{4910AFD9-C875-4B8C-A6BC-9EC740A0C21D}.Release|Any CPU.Build.0 = Release|iPhoneSimulator
		{4910AFD9-C875-4B8C-A6BC-9EC740A0C21D}.Release|Any CPU.Deploy.0 = Release|iPhoneSimulator
		{4910AFD9-C875-4B8C-A6BC-9EC740A0C21D}.Release|iPhone.ActiveCfg = Release|iPhone
		{4910AFD9-C875-4B8C-A6BC-9EC740A0C21D}.Release|iPhone.Build.0 = Release|iPhone
		{4910AFD9-C875-4B8C-A6BC-9EC740A0C21D}.Release|iPhone.Deploy.0 = Release|iPhone
		{4910AFD9-C875-4B8C-A6BC-9EC740A0C21D}.Release|iPhoneSimulator.ActiveCfg = Release|iPhoneSimulator
		{4910AFD9-C875-4B8C-A6BC-9EC740A0C21D}.Release|iPhoneSimulator.Build.0 = Release|iPhoneSimulator
		{4910AFD9-C875-4B8C-A6BC-9EC740A0C21D}.Release|iPhoneSimulator.Deploy.0 = Release|iPhoneSimulator
		{12A086CA-DDED-4AF7-A12A-38C90F89E8E6}.Debug|Any CPU.ActiveCfg = Debug|Any CPU
		{12A086CA-DDED-4AF7-A12A-38C90F89E8E6}.Debug|Any CPU.Build.0 = Debug|Any CPU
		{12A086CA-DDED-4AF7-A12A-38C90F89E8E6}.Debug|Any CPU.Deploy.0 = Debug|Any CPU
		{12A086CA-DDED-4AF7-A12A-38C90F89E8E6}.Debug|iPhone.ActiveCfg = Debug|Any CPU
		{12A086CA-DDED-4AF7-A12A-38C90F89E8E6}.Debug|iPhone.Build.0 = Debug|Any CPU
		{12A086CA-DDED-4AF7-A12A-38C90F89E8E6}.Debug|iPhone.Deploy.0 = Debug|Any CPU
		{12A086CA-DDED-4AF7-A12A-38C90F89E8E6}.Debug|iPhoneSimulator.ActiveCfg = Debug|Any CPU
		{12A086CA-DDED-4AF7-A12A-38C90F89E8E6}.Debug|iPhoneSimulator.Build.0 = Debug|Any CPU
		{12A086CA-DDED-4AF7-A12A-38C90F89E8E6}.Debug|iPhoneSimulator.Deploy.0 = Debug|Any CPU
		{12A086CA-DDED-4AF7-A12A-38C90F89E8E6}.Release|Any CPU.ActiveCfg = Release|Any CPU
		{12A086CA-DDED-4AF7-A12A-38C90F89E8E6}.Release|Any CPU.Build.0 = Release|Any CPU
		{12A086CA-DDED-4AF7-A12A-38C90F89E8E6}.Release|Any CPU.Deploy.0 = Release|Any CPU
		{12A086CA-DDED-4AF7-A12A-38C90F89E8E6}.Release|iPhone.ActiveCfg = Release|Any CPU
		{12A086CA-DDED-4AF7-A12A-38C90F89E8E6}.Release|iPhone.Build.0 = Release|Any CPU
		{12A086CA-DDED-4AF7-A12A-38C90F89E8E6}.Release|iPhone.Deploy.0 = Release|Any CPU
		{12A086CA-DDED-4AF7-A12A-38C90F89E8E6}.Release|iPhoneSimulator.ActiveCfg = Release|Any CPU
		{12A086CA-DDED-4AF7-A12A-38C90F89E8E6}.Release|iPhoneSimulator.Build.0 = Release|Any CPU
		{12A086CA-DDED-4AF7-A12A-38C90F89E8E6}.Release|iPhoneSimulator.Deploy.0 = Release|Any CPU
	EndGlobalSection
	GlobalSection(SolutionProperties) = preSolution
		HideSolutionNode = FALSE
	EndGlobalSection
	GlobalSection(ExtensibilityGlobals) = postSolution
		SolutionGuid = {E90C69AE-3048-4D3D-B999-4C724390BED3}
	EndGlobalSection
EndGlobal
